// !$*UTF8*$!
{
	archiveVersion = 1;
	classes = {
	};
	objectVersion = 50;
	objects = {

/* Begin PBXBuildFile section */
		B312C38423E4C8A4006B96E7 /* AppDelegate.swift in Sources */ = {isa = PBXBuildFile; fileRef = B312C38323E4C8A4006B96E7 /* AppDelegate.swift */; };
		B312C38623E4C8A4006B96E7 /* SceneDelegate.swift in Sources */ = {isa = PBXBuildFile; fileRef = B312C38523E4C8A4006B96E7 /* SceneDelegate.swift */; };
		B312C38823E4C8A4006B96E7 /* ViewController.swift in Sources */ = {isa = PBXBuildFile; fileRef = B312C38723E4C8A4006B96E7 /* ViewController.swift */; };
		B312C38B23E4C8A4006B96E7 /* Main.storyboard in Resources */ = {isa = PBXBuildFile; fileRef = B312C38923E4C8A4006B96E7 /* Main.storyboard */; };
		B312C38D23E4C8A5006B96E7 /* Assets.xcassets in Resources */ = {isa = PBXBuildFile; fileRef = B312C38C23E4C8A5006B96E7 /* Assets.xcassets */; };
		B312C39023E4C8A5006B96E7 /* LaunchScreen.storyboard in Resources */ = {isa = PBXBuildFile; fileRef = B312C38E23E4C8A5006B96E7 /* LaunchScreen.storyboard */; };
		B312C39B23E4C8A5006B96E7 /* GenerambaExampleTests.swift in Sources */ = {isa = PBXBuildFile; fileRef = B312C39A23E4C8A5006B96E7 /* GenerambaExampleTests.swift */; };
/* End PBXBuildFile section */

/* Begin PBXContainerItemProxy section */
		B312C39723E4C8A5006B96E7 /* PBXContainerItemProxy */ = {
			isa = PBXContainerItemProxy;
			containerPortal = B312C37823E4C8A4006B96E7 /* Project object */;
			proxyType = 1;
			remoteGlobalIDString = B312C37F23E4C8A4006B96E7;
			remoteInfo = GenerambaExample;
		};
/* End PBXContainerItemProxy section */

/* Begin PBXFileReference section */
		B312C38023E4C8A4006B96E7 /* GenerambaExample.app */ = {isa = PBXFileReference; explicitFileType = wrapper.application; includeInIndex = 0; path = GenerambaExample.app; sourceTree = BUILT_PRODUCTS_DIR; };
		B312C38323E4C8A4006B96E7 /* AppDelegate.swift */ = {isa = PBXFileReference; lastKnownFileType = sourcecode.swift; path = AppDelegate.swift; sourceTree = "<group>"; };
		B312C38523E4C8A4006B96E7 /* SceneDelegate.swift */ = {isa = PBXFileReference; lastKnownFileType = sourcecode.swift; path = SceneDelegate.swift; sourceTree = "<group>"; };
		B312C38723E4C8A4006B96E7 /* ViewController.swift */ = {isa = PBXFileReference; lastKnownFileType = sourcecode.swift; path = ViewController.swift; sourceTree = "<group>"; };
		B312C38A23E4C8A4006B96E7 /* Base */ = {isa = PBXFileReference; lastKnownFileType = file.storyboard; name = Base; path = Base.lproj/Main.storyboard; sourceTree = "<group>"; };
		B312C38C23E4C8A5006B96E7 /* Assets.xcassets */ = {isa = PBXFileReference; lastKnownFileType = folder.assetcatalog; path = Assets.xcassets; sourceTree = "<group>"; };
		B312C38F23E4C8A5006B96E7 /* Base */ = {isa = PBXFileReference; lastKnownFileType = file.storyboard; name = Base; path = Base.lproj/LaunchScreen.storyboard; sourceTree = "<group>"; };
		B312C39123E4C8A5006B96E7 /* Info.plist */ = {isa = PBXFileReference; lastKnownFileType = text.plist.xml; path = Info.plist; sourceTree = "<group>"; };
		B312C39623E4C8A5006B96E7 /* GenerambaExampleTests.xctest */ = {isa = PBXFileReference; explicitFileType = wrapper.cfbundle; includeInIndex = 0; path = GenerambaExampleTests.xctest; sourceTree = BUILT_PRODUCTS_DIR; };
		B312C39A23E4C8A5006B96E7 /* GenerambaExampleTests.swift */ = {isa = PBXFileReference; lastKnownFileType = sourcecode.swift; path = GenerambaExampleTests.swift; sourceTree = "<group>"; };
		B312C39C23E4C8A5006B96E7 /* Info.plist */ = {isa = PBXFileReference; lastKnownFileType = text.plist.xml; path = Info.plist; sourceTree = "<group>"; };
/* End PBXFileReference section */

/* Begin PBXFrameworksBuildPhase section */
		B312C37D23E4C8A4006B96E7 /* Frameworks */ = {
			isa = PBXFrameworksBuildPhase;
			buildActionMask = 2147483647;
			files = (
			);
			runOnlyForDeploymentPostprocessing = 0;
		};
		B312C39323E4C8A5006B96E7 /* Frameworks */ = {
			isa = PBXFrameworksBuildPhase;
			buildActionMask = 2147483647;
			files = (
			);
			runOnlyForDeploymentPostprocessing = 0;
		};
/* End PBXFrameworksBuildPhase section */

/* Begin PBXGroup section */
		B312C37723E4C8A4006B96E7 = {
			isa = PBXGroup;
			children = (
				B312C38223E4C8A4006B96E7 /* GenerambaExample */,
				B312C39923E4C8A5006B96E7 /* GenerambaExampleTests */,
				B312C38123E4C8A4006B96E7 /* Products */,
			);
			sourceTree = "<group>";
		};
		B312C38123E4C8A4006B96E7 /* Products */ = {
			isa = PBXGroup;
			children = (
				B312C38023E4C8A4006B96E7 /* GenerambaExample.app */,
				B312C39623E4C8A5006B96E7 /* GenerambaExampleTests.xctest */,
			);
			name = Products;
			sourceTree = "<group>";
		};
		B312C38223E4C8A4006B96E7 /* GenerambaExample */ = {
			isa = PBXGroup;
			children = (
				B312C38323E4C8A4006B96E7 /* AppDelegate.swift */,
				B312C38523E4C8A4006B96E7 /* SceneDelegate.swift */,
				B312C38723E4C8A4006B96E7 /* ViewController.swift */,
				B312C38923E4C8A4006B96E7 /* Main.storyboard */,
				B312C38C23E4C8A5006B96E7 /* Assets.xcassets */,
				B312C38E23E4C8A5006B96E7 /* LaunchScreen.storyboard */,
				B312C39123E4C8A5006B96E7 /* Info.plist */,
			);
			path = GenerambaExample;
			sourceTree = "<group>";
		};
		B312C39923E4C8A5006B96E7 /* GenerambaExampleTests */ = {
			isa = PBXGroup;
			children = (
				B312C39A23E4C8A5006B96E7 /* GenerambaExampleTests.swift */,
				B312C39C23E4C8A5006B96E7 /* Info.plist */,
			);
			path = GenerambaExampleTests;
			sourceTree = "<group>";
		};
/* End PBXGroup section */

/* Begin PBXNativeTarget section */
		B312C37F23E4C8A4006B96E7 /* GenerambaExample */ = {
			isa = PBXNativeTarget;
			buildConfigurationList = B312C39F23E4C8A5006B96E7 /* Build configuration list for PBXNativeTarget "GenerambaExample" */;
			buildPhases = (
				B312C37C23E4C8A4006B96E7 /* Sources */,
				B312C37D23E4C8A4006B96E7 /* Frameworks */,
				B312C37E23E4C8A4006B96E7 /* Resources */,
			);
			buildRules = (
			);
			dependencies = (
			);
			name = GenerambaExample;
			productName = GenerambaExample;
			productReference = B312C38023E4C8A4006B96E7 /* GenerambaExample.app */;
			productType = "com.apple.product-type.application";
		};
		B312C39523E4C8A5006B96E7 /* GenerambaExampleTests */ = {
			isa = PBXNativeTarget;
			buildConfigurationList = B312C3A223E4C8A5006B96E7 /* Build configuration list for PBXNativeTarget "GenerambaExampleTests" */;
			buildPhases = (
				B312C39223E4C8A5006B96E7 /* Sources */,
				B312C39323E4C8A5006B96E7 /* Frameworks */,
				B312C39423E4C8A5006B96E7 /* Resources */,
			);
			buildRules = (
			);
			dependencies = (
				B312C39823E4C8A5006B96E7 /* PBXTargetDependency */,
			);
			name = GenerambaExampleTests;
			productName = GenerambaExampleTests;
			productReference = B312C39623E4C8A5006B96E7 /* GenerambaExampleTests.xctest */;
			productType = "com.apple.product-type.bundle.unit-test";
		};
/* End PBXNativeTarget section */

/* Begin PBXProject section */
		B312C37823E4C8A4006B96E7 /* Project object */ = {
			isa = PBXProject;
			attributes = {
				LastSwiftUpdateCheck = 1110;
				LastUpgradeCheck = 1110;
				ORGANIZATIONNAME = l.b.do.nascimento;
				TargetAttributes = {
					B312C37F23E4C8A4006B96E7 = {
						CreatedOnToolsVersion = 11.1;
					};
					B312C39523E4C8A5006B96E7 = {
						CreatedOnToolsVersion = 11.1;
						TestTargetID = B312C37F23E4C8A4006B96E7;
					};
				};
			};
			buildConfigurationList = B312C37B23E4C8A4006B96E7 /* Build configuration list for PBXProject "GenerambaExample" */;
			compatibilityVersion = "Xcode 9.3";
			developmentRegion = en;
			hasScannedForEncodings = 0;
			knownRegions = (
				en,
				Base,
			);
			mainGroup = B312C37723E4C8A4006B96E7;
			productRefGroup = B312C38123E4C8A4006B96E7 /* Products */;
			projectDirPath = "";
			projectRoot = "";
			targets = (
				B312C37F23E4C8A4006B96E7 /* GenerambaExample */,
				B312C39523E4C8A5006B96E7 /* GenerambaExampleTests */,
			);
		};
/* End PBXProject section */

/* Begin PBXResourcesBuildPhase section */
		B312C37E23E4C8A4006B96E7 /* Resources */ = {
			isa = PBXResourcesBuildPhase;
			buildActionMask = 2147483647;
			files = (
				B312C39023E4C8A5006B96E7 /* LaunchScreen.storyboard in Resources */,
				B312C38D23E4C8A5006B96E7 /* Assets.xcassets in Resources */,
				B312C38B23E4C8A4006B96E7 /* Main.storyboard in Resources */,
			);
			runOnlyForDeploymentPostprocessing = 0;
		};
		B312C39423E4C8A5006B96E7 /* Resources */ = {
			isa = PBXResourcesBuildPhase;
			buildActionMask = 2147483647;
			files = (
			);
			runOnlyForDeploymentPostprocessing = 0;
		};
/* End PBXResourcesBuildPhase section */

/* Begin PBXSourcesBuildPhase section */
		B312C37C23E4C8A4006B96E7 /* Sources */ = {
			isa = PBXSourcesBuildPhase;
			buildActionMask = 2147483647;
			files = (
				B312C38823E4C8A4006B96E7 /* ViewController.swift in Sources */,
				B312C38423E4C8A4006B96E7 /* AppDelegate.swift in Sources */,
				B312C38623E4C8A4006B96E7 /* SceneDelegate.swift in Sources */,
			);
			runOnlyForDeploymentPostprocessing = 0;
		};
		B312C39223E4C8A5006B96E7 /* Sources */ = {
			isa = PBXSourcesBuildPhase;
			buildActionMask = 2147483647;
			files = (
				B312C39B23E4C8A5006B96E7 /* GenerambaExampleTests.swift in Sources */,
			);
			runOnlyForDeploymentPostprocessing = 0;
		};
/* End PBXSourcesBuildPhase section */

/* Begin PBXTargetDependency section */
		B312C39823E4C8A5006B96E7 /* PBXTargetDependency */ = {
			isa = PBXTargetDependency;
			target = B312C37F23E4C8A4006B96E7 /* GenerambaExample */;
			targetProxy = B312C39723E4C8A5006B96E7 /* PBXContainerItemProxy */;
		};
/* End PBXTargetDependency section */

/* Begin PBXVariantGroup section */
		B312C38923E4C8A4006B96E7 /* Main.storyboard */ = {
			isa = PBXVariantGroup;
			children = (
				B312C38A23E4C8A4006B96E7 /* Base */,
			);
			name = Main.storyboard;
			sourceTree = "<group>";
		};
		B312C38E23E4C8A5006B96E7 /* LaunchScreen.storyboard */ = {
			isa = PBXVariantGroup;
			children = (
				B312C38F23E4C8A5006B96E7 /* Base */,
			);
			name = LaunchScreen.storyboard;
			sourceTree = "<group>";
		};
/* End PBXVariantGroup section */

/* Begin XCBuildConfiguration section */
		B312C39D23E4C8A5006B96E7 /* Debug */ = {
			isa = XCBuildConfiguration;
			buildSettings = {
				ALWAYS_SEARCH_USER_PATHS = NO;
				CLANG_ANALYZER_NONNULL = YES;
				CLANG_ANALYZER_NUMBER_OBJECT_CONVERSION = YES_AGGRESSIVE;
				CLANG_CXX_LANGUAGE_STANDARD = "gnu++14";
				CLANG_CXX_LIBRARY = "libc++";
				CLANG_ENABLE_MODULES = YES;
				CLANG_ENABLE_OBJC_ARC = YES;
				CLANG_ENABLE_OBJC_WEAK = YES;
				CLANG_WARN_BLOCK_CAPTURE_AUTORELEASING = YES;
				CLANG_WARN_BOOL_CONVERSION = YES;
				CLANG_WARN_COMMA = YES;
				CLANG_WARN_CONSTANT_CONVERSION = YES;
				CLANG_WARN_DEPRECATED_OBJC_IMPLEMENTATIONS = YES;
				CLANG_WARN_DIRECT_OBJC_ISA_USAGE = YES_ERROR;
				CLANG_WARN_DOCUMENTATION_COMMENTS = YES;
				CLANG_WARN_EMPTY_BODY = YES;
				CLANG_WARN_ENUM_CONVERSION = YES;
				CLANG_WARN_INFINITE_RECURSION = YES;
				CLANG_WARN_INT_CONVERSION = YES;
				CLANG_WARN_NON_LITERAL_NULL_CONVERSION = YES;
				CLANG_WARN_OBJC_IMPLICIT_RETAIN_SELF = YES;
				CLANG_WARN_OBJC_LITERAL_CONVERSION = YES;
				CLANG_WARN_OBJC_ROOT_CLASS = YES_ERROR;
				CLANG_WARN_RANGE_LOOP_ANALYSIS = YES;
				CLANG_WARN_STRICT_PROTOTYPES = YES;
				CLANG_WARN_SUSPICIOUS_MOVE = YES;
				CLANG_WARN_UNGUARDED_AVAILABILITY = YES_AGGRESSIVE;
				CLANG_WARN_UNREACHABLE_CODE = YES;
				CLANG_WARN__DUPLICATE_METHOD_MATCH = YES;
				COPY_PHASE_STRIP = NO;
				DEBUG_INFORMATION_FORMAT = dwarf;
				ENABLE_STRICT_OBJC_MSGSEND = YES;
				ENABLE_TESTABILITY = YES;
				GCC_C_LANGUAGE_STANDARD = gnu11;
				GCC_DYNAMIC_NO_PIC = NO;
				GCC_NO_COMMON_BLOCKS = YES;
				GCC_OPTIMIZATION_LEVEL = 0;
				GCC_PREPROCESSOR_DEFINITIONS = (
					"DEBUG=1",
					"$(inherited)",
				);
				GCC_WARN_64_TO_32_BIT_CONVERSION = YES;
				GCC_WARN_ABOUT_RETURN_TYPE = YES_ERROR;
				GCC_WARN_UNDECLARED_SELECTOR = YES;
				GCC_WARN_UNINITIALIZED_AUTOS = YES_AGGRESSIVE;
				GCC_WARN_UNUSED_FUNCTION = YES;
				GCC_WARN_UNUSED_VARIABLE = YES;
				IPHONEOS_DEPLOYMENT_TARGET = 13.1;
				MTL_ENABLE_DEBUG_INFO = INCLUDE_SOURCE;
				MTL_FAST_MATH = YES;
				ONLY_ACTIVE_ARCH = YES;
				SDKROOT = iphoneos;
				SWIFT_ACTIVE_COMPILATION_CONDITIONS = DEBUG;
				SWIFT_OPTIMIZATION_LEVEL = "-Onone";
			};
			name = Debug;
		};
		B312C39E23E4C8A5006B96E7 /* Release */ = {
			isa = XCBuildConfiguration;
			buildSettings = {
				ALWAYS_SEARCH_USER_PATHS = NO;
				CLANG_ANALYZER_NONNULL = YES;
				CLANG_ANALYZER_NUMBER_OBJECT_CONVERSION = YES_AGGRESSIVE;
				CLANG_CXX_LANGUAGE_STANDARD = "gnu++14";
				CLANG_CXX_LIBRARY = "libc++";
				CLANG_ENABLE_MODULES = YES;
				CLANG_ENABLE_OBJC_ARC = YES;
				CLANG_ENABLE_OBJC_WEAK = YES;
				CLANG_WARN_BLOCK_CAPTURE_AUTORELEASING = YES;
				CLANG_WARN_BOOL_CONVERSION = YES;
				CLANG_WARN_COMMA = YES;
				CLANG_WARN_CONSTANT_CONVERSION = YES;
				CLANG_WARN_DEPRECATED_OBJC_IMPLEMENTATIONS = YES;
				CLANG_WARN_DIRECT_OBJC_ISA_USAGE = YES_ERROR;
				CLANG_WARN_DOCUMENTATION_COMMENTS = YES;
				CLANG_WARN_EMPTY_BODY = YES;
				CLANG_WARN_ENUM_CONVERSION = YES;
				CLANG_WARN_INFINITE_RECURSION = YES;
				CLANG_WARN_INT_CONVERSION = YES;
				CLANG_WARN_NON_LITERAL_NULL_CONVERSION = YES;
				CLANG_WARN_OBJC_IMPLICIT_RETAIN_SELF = YES;
				CLANG_WARN_OBJC_LITERAL_CONVERSION = YES;
				CLANG_WARN_OBJC_ROOT_CLASS = YES_ERROR;
				CLANG_WARN_RANGE_LOOP_ANALYSIS = YES;
				CLANG_WARN_STRICT_PROTOTYPES = YES;
				CLANG_WARN_SUSPICIOUS_MOVE = YES;
				CLANG_WARN_UNGUARDED_AVAILABILITY = YES_AGGRESSIVE;
				CLANG_WARN_UNREACHABLE_CODE = YES;
				CLANG_WARN__DUPLICATE_METHOD_MATCH = YES;
				COPY_PHASE_STRIP = NO;
				DEBUG_INFORMATION_FORMAT = "dwarf-with-dsym";
				ENABLE_NS_ASSERTIONS = NO;
				ENABLE_STRICT_OBJC_MSGSEND = YES;
				GCC_C_LANGUAGE_STANDARD = gnu11;
				GCC_NO_COMMON_BLOCKS = YES;
				GCC_WARN_64_TO_32_BIT_CONVERSION = YES;
				GCC_WARN_ABOUT_RETURN_TYPE = YES_ERROR;
				GCC_WARN_UNDECLARED_SELECTOR = YES;
				GCC_WARN_UNINITIALIZED_AUTOS = YES_AGGRESSIVE;
				GCC_WARN_UNUSED_FUNCTION = YES;
				GCC_WARN_UNUSED_VARIABLE = YES;
				IPHONEOS_DEPLOYMENT_TARGET = 13.1;
				MTL_ENABLE_DEBUG_INFO = NO;
				MTL_FAST_MATH = YES;
				SDKROOT = iphoneos;
				SWIFT_COMPILATION_MODE = wholemodule;
				SWIFT_OPTIMIZATION_LEVEL = "-O";
				VALIDATE_PRODUCT = YES;
			};
			name = Release;
		};
		B312C3A023E4C8A5006B96E7 /* Debug */ = {
			isa = XCBuildConfiguration;
			buildSettings = {
				ASSETCATALOG_COMPILER_APPICON_NAME = AppIcon;
				CODE_SIGN_STYLE = Automatic;
				INFOPLIST_FILE = GenerambaExample/Info.plist;
				LD_RUNPATH_SEARCH_PATHS = (
					"$(inherited)",
					"@executable_path/Frameworks",
				);
				PRODUCT_BUNDLE_IDENTIFIER = com.teste.GenerambaExample;
				PRODUCT_NAME = "$(TARGET_NAME)";
				SWIFT_VERSION = 5.0;
				TARGETED_DEVICE_FAMILY = "1,2";
			};
			name = Debug;
		};
		B312C3A123E4C8A5006B96E7 /* Release */ = {
			isa = XCBuildConfiguration;
			buildSettings = {
				ASSETCATALOG_COMPILER_APPICON_NAME = AppIcon;
				CODE_SIGN_STYLE = Automatic;
				INFOPLIST_FILE = GenerambaExample/Info.plist;
				LD_RUNPATH_SEARCH_PATHS = (
					"$(inherited)",
					"@executable_path/Frameworks",
				);
				PRODUCT_BUNDLE_IDENTIFIER = com.teste.GenerambaExample;
				PRODUCT_NAME = "$(TARGET_NAME)";
				SWIFT_VERSION = 5.0;
				TARGETED_DEVICE_FAMILY = "1,2";
			};
			name = Release;
		};
		B312C3A323E4C8A5006B96E7 /* Debug */ = {
			isa = XCBuildConfiguration;
			buildSettings = {
				ALWAYS_EMBED_SWIFT_STANDARD_LIBRARIES = YES;
				BUNDLE_LOADER = "$(TEST_HOST)";
				CODE_SIGN_STYLE = Automatic;
				INFOPLIST_FILE = GenerambaExampleTests/Info.plist;
				IPHONEOS_DEPLOYMENT_TARGET = 13.1;
				LD_RUNPATH_SEARCH_PATHS = (
					"$(inherited)",
					"@executable_path/Frameworks",
					"@loader_path/Frameworks",
				);
				PRODUCT_BUNDLE_IDENTIFIER = com.teste.GenerambaExampleTests;
				PRODUCT_NAME = "$(TARGET_NAME)";
				SWIFT_VERSION = 5.0;
				TARGETED_DEVICE_FAMILY = "1,2";
				TEST_HOST = "$(BUILT_PRODUCTS_DIR)/GenerambaExample.app/GenerambaExample";
			};
			name = Debug;
		};
		B312C3A423E4C8A5006B96E7 /* Release */ = {
			isa = XCBuildConfiguration;
			buildSettings = {
				ALWAYS_EMBED_SWIFT_STANDARD_LIBRARIES = YES;
				BUNDLE_LOADER = "$(TEST_HOST)";
				CODE_SIGN_STYLE = Automatic;
				INFOPLIST_FILE = GenerambaExampleTests/Info.plist;
				IPHONEOS_DEPLOYMENT_TARGET = 13.1;
				LD_RUNPATH_SEARCH_PATHS = (
					"$(inherited)",
					"@executable_path/Frameworks",
					"@loader_path/Frameworks",
				);
				PRODUCT_BUNDLE_IDENTIFIER = com.teste.GenerambaExampleTests;
				PRODUCT_NAME = "$(TARGET_NAME)";
				SWIFT_VERSION = 5.0;
				TARGETED_DEVICE_FAMILY = "1,2";
				TEST_HOST = "$(BUILT_PRODUCTS_DIR)/GenerambaExample.app/GenerambaExample";
			};
			name = Release;
		};
/* End XCBuildConfiguration section */

/* Begin XCConfigurationList section */
		B312C37B23E4C8A4006B96E7 /* Build configuration list for PBXProject "GenerambaExample" */ = {
			isa = XCConfigurationList;
			buildConfigurations = (
				B312C39D23E4C8A5006B96E7 /* Debug */,
				B312C39E23E4C8A5006B96E7 /* Release */,
			);
			defaultConfigurationIsVisible = 0;
			defaultConfigurationName = Release;
		};
		B312C39F23E4C8A5006B96E7 /* Build configuration list for PBXNativeTarget "GenerambaExample" */ = {
			isa = XCConfigurationList;
			buildConfigurations = (
				B312C3A023E4C8A5006B96E7 /* Debug */,
				B312C3A123E4C8A5006B96E7 /* Release */,
			);
			defaultConfigurationIsVisible = 0;
			defaultConfigurationName = Release;
		};
		B312C3A223E4C8A5006B96E7 /* Build configuration list for PBXNativeTarget "GenerambaExampleTests" */ = {
			isa = XCConfigurationList;
			buildConfigurations = (
				B312C3A323E4C8A5006B96E7 /* Debug */,
				B312C3A423E4C8A5006B96E7 /* Release */,
			);
			defaultConfigurationIsVisible = 0;
			defaultConfigurationName = Release;
		};
/* End XCConfigurationList section */
	};
	rootObject = B312C37823E4C8A4006B96E7 /* Project object */;
}
